
Microsoft Visual Studio Solution File, Format Version 12.00
# Visual Studio Version 17
VisualStudioVersion = 17.7.34024.191
MinimumVisualStudioVersion = 10.0.40219.1
Project("{FAE04EC0-301F-11D3-BF4B-00C04F79EFBC}") = "textbox kullanimi", "textbox kullanimi\textbox kullanimi.csproj", "{17801031-ED8A-4989-8271-7A0F5147531B}"
EndProject
Global
	GlobalSection(SolutionConfigurationPlatforms) = preSolution
		Debug|Any CPU = Debug|Any CPU
		Release|Any CPU = Release|Any CPU
	EndGlobalSection
	GlobalSection(ProjectConfigurationPlatforms) = postSolution
		{17801031-ED8A-4989-8271-7A0F5147531B}.Debug|Any CPU.ActiveCfg = Debug|Any CPU
		{17801031-ED8A-4989-8271-7A0F5147531B}.Debug|Any CPU.Build.0 = Debug|Any CPU
		{17801031-ED8A-4989-8271-7A0F5147531B}.Release|Any CPU.ActiveCfg = Release|Any CPU
		{17801031-ED8A-4989-8271-7A0F5147531B}.Release|Any CPU.Build.0 = Release|Any CPU
	EndGlobalSection
	GlobalSection(SolutionProperties) = preSolution
		HideSolutionNode = FALSE
	EndGlobalSection
	GlobalSection(ExtensibilityGlobals) = postSolution
		SolutionGuid = {EB0A1B6B-A02A-44B7-9189-9AA26BEA089A}
	EndGlobalSection
EndGlobal
